// !$*UTF8*$!
{
	archiveVersion = 1;
	classes = {
	};
	objectVersion = 45;
	objects = {

/* Begin PBXBuildFile section */
		8DD76F6A0486A84900D96B5E /* MVEEXcode.1 in CopyFiles */ = {isa = PBXBuildFile; fileRef = C6859E8B029090EE04C91782 /* MVEEXcode.1 */; };
		DFA60D98161107B30018CFDC /* BlasWrappers.cpp in Sources */ = {isa = PBXBuildFile; fileRef = DFA60D89161107B30018CFDC /* BlasWrappers.cpp */; };
		DFA60D99161107B30018CFDC /* Legacy.cpp in Sources */ = {isa = PBXBuildFile; fileRef = DFA60D8B161107B30018CFDC /* Legacy.cpp */; };
		DFA60D9A161107B30018CFDC /* main.cpp in Sources */ = {isa = PBXBuildFile; fileRef = DFA60D8D161107B30018CFDC /* main.cpp */; };
		DFA60D9B161107B30018CFDC /* minVolume.cpp in Sources */ = {isa = PBXBuildFile; fileRef = DFA60D8E161107B30018CFDC /* minVolume.cpp */; };
		DFA60D9C161107B30018CFDC /* MVEE.cpp in Sources */ = {isa = PBXBuildFile; fileRef = DFA60D90161107B30018CFDC /* MVEE.cpp */; };
		DFA60D9D161107B30018CFDC /* MVEEPartial.cpp in Sources */ = {isa = PBXBuildFile; fileRef = DFA60D92161107B30018CFDC /* MVEEPartial.cpp */; };
		DFA60D9E161107B30018CFDC /* Utils.cpp in Sources */ = {isa = PBXBuildFile; fileRef = DFA60D94161107B30018CFDC /* Utils.cpp */; };
		DFA60D9F161107B30018CFDC /* UtilsNoGSL.cpp in Sources */ = {isa = PBXBuildFile; fileRef = DFA60D96161107B30018CFDC /* UtilsNoGSL.cpp */; };
		DFA60DC4161109E80018CFDC /* Accelerate.framework in Frameworks */ = {isa = PBXBuildFile; fileRef = DFA60DC3161109E80018CFDC /* Accelerate.framework */; };
/* End PBXBuildFile section */

/* Begin PBXCopyFilesBuildPhase section */
		8DD76F690486A84900D96B5E /* CopyFiles */ = {
			isa = PBXCopyFilesBuildPhase;
			buildActionMask = 8;
			dstPath = /usr/share/man/man1/;
			dstSubfolderSpec = 0;
			files = (
				8DD76F6A0486A84900D96B5E /* MVEEXcode.1 in CopyFiles */,
			);
			runOnlyForDeploymentPostprocessing = 1;
		};
/* End PBXCopyFilesBuildPhase section */

/* Begin PBXFileReference section */
		8DD76F6C0486A84900D96B5E /* MVEEXcode */ = {isa = PBXFileReference; explicitFileType = "compiled.mach-o.executable"; includeInIndex = 0; path = MVEEXcode; sourceTree = BUILT_PRODUCTS_DIR; };
		C6859E8B029090EE04C91782 /* MVEEXcode.1 */ = {isa = PBXFileReference; lastKnownFileType = text.man; path = MVEEXcode.1; sourceTree = "<group>"; };
		DFA60D89161107B30018CFDC /* BlasWrappers.cpp */ = {isa = PBXFileReference; fileEncoding = 4; lastKnownFileType = sourcecode.cpp.cpp; name = BlasWrappers.cpp; path = ../BlasWrappers.cpp; sourceTree = SOURCE_ROOT; };
		DFA60D8A161107B30018CFDC /* BlasWrappers.h */ = {isa = PBXFileReference; fileEncoding = 4; lastKnownFileType = sourcecode.c.h; name = BlasWrappers.h; path = ../BlasWrappers.h; sourceTree = SOURCE_ROOT; };
		DFA60D8B161107B30018CFDC /* Legacy.cpp */ = {isa = PBXFileReference; fileEncoding = 4; lastKnownFileType = sourcecode.cpp.cpp; name = Legacy.cpp; path = ../Legacy.cpp; sourceTree = SOURCE_ROOT; };
		DFA60D8C161107B30018CFDC /* Legacy.h */ = {isa = PBXFileReference; fileEncoding = 4; lastKnownFileType = sourcecode.c.h; name = Legacy.h; path = ../Legacy.h; sourceTree = SOURCE_ROOT; };
		DFA60D8D161107B30018CFDC /* main.cpp */ = {isa = PBXFileReference; fileEncoding = 4; lastKnownFileType = sourcecode.cpp.cpp; name = main.cpp; path = ../main.cpp; sourceTree = SOURCE_ROOT; };
		DFA60D8E161107B30018CFDC /* minVolume.cpp */ = {isa = PBXFileReference; fileEncoding = 4; lastKnownFileType = sourcecode.cpp.cpp; name = minVolume.cpp; path = ../minVolume.cpp; sourceTree = SOURCE_ROOT; };
		DFA60D8F161107B30018CFDC /* minVolume.h */ = {isa = PBXFileReference; fileEncoding = 4; lastKnownFileType = sourcecode.c.h; name = minVolume.h; path = ../minVolume.h; sourceTree = SOURCE_ROOT; };
		DFA60D90161107B30018CFDC /* MVEE.cpp */ = {isa = PBXFileReference; fileEncoding = 4; lastKnownFileType = sourcecode.cpp.cpp; name = MVEE.cpp; path = ../MVEE.cpp; sourceTree = SOURCE_ROOT; };
		DFA60D91161107B30018CFDC /* MVEE.h */ = {isa = PBXFileReference; fileEncoding = 4; lastKnownFileType = sourcecode.c.h; name = MVEE.h; path = ../MVEE.h; sourceTree = SOURCE_ROOT; };
		DFA60D92161107B30018CFDC /* MVEEPartial.cpp */ = {isa = PBXFileReference; fileEncoding = 4; lastKnownFileType = sourcecode.cpp.cpp; name = MVEEPartial.cpp; path = ../MVEEPartial.cpp; sourceTree = SOURCE_ROOT; };
		DFA60D93161107B30018CFDC /* MVEEPartial.h */ = {isa = PBXFileReference; fileEncoding = 4; lastKnownFileType = sourcecode.c.h; name = MVEEPartial.h; path = ../MVEEPartial.h; sourceTree = SOURCE_ROOT; };
		DFA60D94161107B30018CFDC /* Utils.cpp */ = {isa = PBXFileReference; fileEncoding = 4; lastKnownFileType = sourcecode.cpp.cpp; name = Utils.cpp; path = ../Utils.cpp; sourceTree = SOURCE_ROOT; };
		DFA60D95161107B30018CFDC /* Utils.h */ = {isa = PBXFileReference; fileEncoding = 4; lastKnownFileType = sourcecode.c.h; name = Utils.h; path = ../Utils.h; sourceTree = SOURCE_ROOT; };
		DFA60D96161107B30018CFDC /* UtilsNoGSL.cpp */ = {isa = PBXFileReference; fileEncoding = 4; lastKnownFileType = sourcecode.cpp.cpp; name = UtilsNoGSL.cpp; path = ../UtilsNoGSL.cpp; sourceTree = SOURCE_ROOT; };
		DFA60D97161107B30018CFDC /* UtilsNoGSL.h */ = {isa = PBXFileReference; fileEncoding = 4; lastKnownFileType = sourcecode.c.h; name = UtilsNoGSL.h; path = ../UtilsNoGSL.h; sourceTree = SOURCE_ROOT; };
		DFA60DC3161109E80018CFDC /* Accelerate.framework */ = {isa = PBXFileReference; lastKnownFileType = wrapper.framework; name = Accelerate.framework; path = System/Library/Frameworks/Accelerate.framework; sourceTree = SDKROOT; };
/* End PBXFileReference section */

/* Begin PBXFrameworksBuildPhase section */
		8DD76F660486A84900D96B5E /* Frameworks */ = {
			isa = PBXFrameworksBuildPhase;
			buildActionMask = 2147483647;
			files = (
				DFA60DC4161109E80018CFDC /* Accelerate.framework in Frameworks */,
			);
			runOnlyForDeploymentPostprocessing = 0;
		};
/* End PBXFrameworksBuildPhase section */

/* Begin PBXGroup section */
		08FB7794FE84155DC02AAC07 /* MVEEXcode */ = {
			isa = PBXGroup;
			children = (
				08FB7795FE84155DC02AAC07 /* Source */,
				C6859E8C029090F304C91782 /* Documentation */,
				1AB674ADFE9D54B511CA2CBB /* Products */,
				DFA60DC3161109E80018CFDC /* Accelerate.framework */,
			);
			name = MVEEXcode;
			sourceTree = "<group>";
		};
		08FB7795FE84155DC02AAC07 /* Source */ = {
			isa = PBXGroup;
			children = (
				DFA60D89161107B30018CFDC /* BlasWrappers.cpp */,
				DFA60D8A161107B30018CFDC /* BlasWrappers.h */,
				DFA60D8B161107B30018CFDC /* Legacy.cpp */,
				DFA60D8C161107B30018CFDC /* Legacy.h */,
				DFA60D8D161107B30018CFDC /* main.cpp */,
				DFA60D8E161107B30018CFDC /* minVolume.cpp */,
				DFA60D8F161107B30018CFDC /* minVolume.h */,
				DFA60D90161107B30018CFDC /* MVEE.cpp */,
				DFA60D91161107B30018CFDC /* MVEE.h */,
				DFA60D92161107B30018CFDC /* MVEEPartial.cpp */,
				DFA60D93161107B30018CFDC /* MVEEPartial.h */,
				DFA60D94161107B30018CFDC /* Utils.cpp */,
				DFA60D95161107B30018CFDC /* Utils.h */,
				DFA60D96161107B30018CFDC /* UtilsNoGSL.cpp */,
				DFA60D97161107B30018CFDC /* UtilsNoGSL.h */,
			);
			name = Source;
			sourceTree = "<group>";
		};
		1AB674ADFE9D54B511CA2CBB /* Products */ = {
			isa = PBXGroup;
			children = (
				8DD76F6C0486A84900D96B5E /* MVEEXcode */,
			);
			name = Products;
			sourceTree = "<group>";
		};
		C6859E8C029090F304C91782 /* Documentation */ = {
			isa = PBXGroup;
			children = (
				C6859E8B029090EE04C91782 /* MVEEXcode.1 */,
			);
			name = Documentation;
			sourceTree = "<group>";
		};
/* End PBXGroup section */

/* Begin PBXNativeTarget section */
		8DD76F620486A84900D96B5E /* MVEEXcode */ = {
			isa = PBXNativeTarget;
			buildConfigurationList = 1DEB923108733DC60010E9CD /* Build configuration list for PBXNativeTarget "MVEEXcode" */;
			buildPhases = (
				8DD76F640486A84900D96B5E /* Sources */,
				8DD76F660486A84900D96B5E /* Frameworks */,
				8DD76F690486A84900D96B5E /* CopyFiles */,
			);
			buildRules = (
			);
			dependencies = (
			);
			name = MVEEXcode;
			productInstallPath = "$(HOME)/bin";
			productName = MVEEXcode;
			productReference = 8DD76F6C0486A84900D96B5E /* MVEEXcode */;
			productType = "com.apple.product-type.tool";
		};
/* End PBXNativeTarget section */

/* Begin PBXProject section */
		08FB7793FE84155DC02AAC07 /* Project object */ = {
			isa = PBXProject;
			buildConfigurationList = 1DEB923508733DC60010E9CD /* Build configuration list for PBXProject "MVEEXcode" */;
			compatibilityVersion = "Xcode 3.1";
			developmentRegion = English;
			hasScannedForEncodings = 1;
			knownRegions = (
				English,
				Japanese,
				French,
				German,
			);
			mainGroup = 08FB7794FE84155DC02AAC07 /* MVEEXcode */;
			projectDirPath = "";
			projectRoot = "";
			targets = (
				8DD76F620486A84900D96B5E /* MVEEXcode */,
			);
		};
/* End PBXProject section */

/* Begin PBXSourcesBuildPhase section */
		8DD76F640486A84900D96B5E /* Sources */ = {
			isa = PBXSourcesBuildPhase;
			buildActionMask = 2147483647;
			files = (
				DFA60D98161107B30018CFDC /* BlasWrappers.cpp in Sources */,
				DFA60D99161107B30018CFDC /* Legacy.cpp in Sources */,
				DFA60D9A161107B30018CFDC /* main.cpp in Sources */,
				DFA60D9B161107B30018CFDC /* minVolume.cpp in Sources */,
				DFA60D9C161107B30018CFDC /* MVEE.cpp in Sources */,
				DFA60D9D161107B30018CFDC /* MVEEPartial.cpp in Sources */,
				DFA60D9E161107B30018CFDC /* Utils.cpp in Sources */,
				DFA60D9F161107B30018CFDC /* UtilsNoGSL.cpp in Sources */,
			);
			runOnlyForDeploymentPostprocessing = 0;
		};
/* End PBXSourcesBuildPhase section */

/* Begin XCBuildConfiguration section */
		1DEB923208733DC60010E9CD /* Debug */ = {
			isa = XCBuildConfiguration;
			buildSettings = {
				ALWAYS_SEARCH_USER_PATHS = NO;
				COPY_PHASE_STRIP = NO;
				GCC_DYNAMIC_NO_PIC = NO;
				GCC_ENABLE_FIX_AND_CONTINUE = YES;
				GCC_MODEL_TUNING = G5;
				GCC_OPTIMIZATION_LEVEL = 0;
				INSTALL_PATH = /usr/local/bin;
				PRODUCT_NAME = MVEEXcode;
			};
			name = Debug;
		};
		1DEB923308733DC60010E9CD /* Release */ = {
			isa = XCBuildConfiguration;
			buildSettings = {
				ALWAYS_SEARCH_USER_PATHS = NO;
				DEBUG_INFORMATION_FORMAT = "dwarf-with-dsym";
				GCC_MODEL_TUNING = G5;
				INSTALL_PATH = /usr/local/bin;
				PRODUCT_NAME = MVEEXcode;
			};
			name = Release;
		};
		1DEB923608733DC60010E9CD /* Debug */ = {
			isa = XCBuildConfiguration;
			buildSettings = {
				ARCHS = "$(ARCHS_STANDARD_32_64_BIT)";
				CONFIGURATION_BUILD_DIR = "$(BUILD_DIR)";
				GCC_C_LANGUAGE_STANDARD = gnu99;
				GCC_OPTIMIZATION_LEVEL = 0;
				GCC_WARN_ABOUT_RETURN_TYPE = YES;
				GCC_WARN_UNUSED_VARIABLE = YES;
				HEADER_SEARCH_PATHS = /usr/local/include;
				LIBRARY_SEARCH_PATHS = /usr/local/lib;
				ONLY_ACTIVE_ARCH = YES;
				OTHER_LDFLAGS = "-lgsl";
				PREBINDING = NO;
				SDKROOT = macosx10.6;
				VALID_ARCHS = x86_64;
			};
			name = Debug;
		};
		1DEB923708733DC60010E9CD /* Release */ = {
			isa = XCBuildConfiguration;
			buildSettings = {
				ARCHS = "$(ARCHS_STANDARD_32_64_BIT)";
				CONFIGURATION_BUILD_DIR = "$(BUILD_DIR)";
				GCC_C_LANGUAGE_STANDARD = gnu99;
				GCC_WARN_ABOUT_RETURN_TYPE = YES;
				GCC_WARN_UNUSED_VARIABLE = YES;
				HEADER_SEARCH_PATHS = /usr/local/include;
				LIBRARY_SEARCH_PATHS = /usr/local/lib;
				OTHER_LDFLAGS = "-lgsl";
				PREBINDING = NO;
				SDKROOT = macosx10.6;
				VALID_ARCHS = x86_64;
			};
			name = Release;
		};
/* End XCBuildConfiguration section */

/* Begin XCConfigurationList section */
		1DEB923108733DC60010E9CD /* Build configuration list for PBXNativeTarget "MVEEXcode" */ = {
			isa = XCConfigurationList;
			buildConfigurations = (
				1DEB923208733DC60010E9CD /* Debug */,
				1DEB923308733DC60010E9CD /* Release */,
			);
			defaultConfigurationIsVisible = 0;
			defaultConfigurationName = Release;
		};
		1DEB923508733DC60010E9CD /* Build configuration list for PBXProject "MVEEXcode" */ = {
			isa = XCConfigurationList;
			buildConfigurations = (
				1DEB923608733DC60010E9CD /* Debug */,
				1DEB923708733DC60010E9CD /* Release */,
			);
			defaultConfigurationIsVisible = 0;
			defaultConfigurationName = Release;
		};
/* End XCConfigurationList section */
	};
	rootObject = 08FB7793FE84155DC02AAC07 /* Project object */;
}
